
Microsoft Visual Studio Solution File, Format Version 12.00
Project("{FAE04EC0-301F-11D3-BF4B-00C04F79EFBC}") = "server", "server\server.csproj", "{EB2D008B-3B06-45AD-AD6E-76B7AF3E9B9A}"
EndProject
Project("{FAE04EC0-301F-11D3-BF4B-00C04F79EFBC}") = "client", "client\client.csproj", "{497EB6A0-59B9-420E-A689-FC9F333480C9}"
EndProject
Global
	GlobalSection(SolutionConfigurationPlatforms) = preSolution
		Debug|Any CPU = Debug|Any CPU
		Release|Any CPU = Release|Any CPU
	EndGlobalSection
	GlobalSection(ProjectConfigurationPlatforms) = postSolution
		{EB2D008B-3B06-45AD-AD6E-76B7AF3E9B9A}.Debug|Any CPU.ActiveCfg = Debug|Any CPU
		{EB2D008B-3B06-45AD-AD6E-76B7AF3E9B9A}.Debug|Any CPU.Build.0 = Debug|Any CPU
		{EB2D008B-3B06-45AD-AD6E-76B7AF3E9B9A}.Release|Any CPU.ActiveCfg = Release|Any CPU
		{EB2D008B-3B06-45AD-AD6E-76B7AF3E9B9A}.Release|Any CPU.Build.0 = Release|Any CPU
		{497EB6A0-59B9-420E-A689-FC9F333480C9}.Debug|Any CPU.ActiveCfg = Debug|Any CPU
		{497EB6A0-59B9-420E-A689-FC9F333480C9}.Debug|Any CPU.Build.0 = Debug|Any CPU
		{497EB6A0-59B9-420E-A689-FC9F333480C9}.Release|Any CPU.ActiveCfg = Release|Any CPU
		{497EB6A0-59B9-420E-A689-FC9F333480C9}.Release|Any CPU.Build.0 = Release|Any CPU
	EndGlobalSection
EndGlobal
